// !$*UTF8*$!
{
	archiveVersion = 1;
	classes = {
	};
	objectVersion = 51;
	objects = {

/* Begin PBXBuildFile section */
		655FFB5C24194F5500280704 /* Main.storyboard in Resources */ = {isa = PBXBuildFile; fileRef = 655FFB5B24194F5500280704 /* Main.storyboard */; };
		655FFB5F2419550300280704 /* PythControl.swift in Sources */ = {isa = PBXBuildFile; fileRef = 655FFB5E2419550300280704 /* PythControl.swift */; };
		655FFB612419569D00280704 /* Pyth.storyboard in Resources */ = {isa = PBXBuildFile; fileRef = 655FFB602419569D00280704 /* Pyth.storyboard */; };
		657649232418094A00AD2198 /* AppDelegate.swift in Sources */ = {isa = PBXBuildFile; fileRef = 657649222418094A00AD2198 /* AppDelegate.swift */; };
		657649252418094A00AD2198 /* SceneDelegate.swift in Sources */ = {isa = PBXBuildFile; fileRef = 657649242418094A00AD2198 /* SceneDelegate.swift */; };
		657649272418094A00AD2198 /* ViewController.swift in Sources */ = {isa = PBXBuildFile; fileRef = 657649262418094A00AD2198 /* ViewController.swift */; };
		6576492C2418094C00AD2198 /* Assets.xcassets in Resources */ = {isa = PBXBuildFile; fileRef = 6576492B2418094C00AD2198 /* Assets.xcassets */; };
		6576492F2418094C00AD2198 /* LaunchScreen.storyboard in Resources */ = {isa = PBXBuildFile; fileRef = 6576492D2418094C00AD2198 /* LaunchScreen.storyboard */; };
		6576493724180A1D00AD2198 /* 1200px-Rtriangle.svg.png in Resources */ = {isa = PBXBuildFile; fileRef = 6576493624180A1D00AD2198 /* 1200px-Rtriangle.svg.png */; };
		65C541EE241AA0D5000CA60A /* Square.storyboard in Resources */ = {isa = PBXBuildFile; fileRef = 65C541ED241AA0D5000CA60A /* Square.storyboard */; };
		65C541F0241AA1F4000CA60A /* SquareControl.swift in Sources */ = {isa = PBXBuildFile; fileRef = 65C541EF241AA1F4000CA60A /* SquareControl.swift */; };
		65C541F2241AA702000CA60A /* Distance.swift in Sources */ = {isa = PBXBuildFile; fileRef = 65C541F1241AA702000CA60A /* Distance.swift */; };
		65C541F4241AA730000CA60A /* Distance.storyboard in Resources */ = {isa = PBXBuildFile; fileRef = 65C541F3241AA730000CA60A /* Distance.storyboard */; };
		900F8400852C7E70C348A15C /* Pods_SwiftPortfolio.framework in Frameworks */ = {isa = PBXBuildFile; fileRef = 84A45580961EF1167899AC5F /* Pods_SwiftPortfolio.framework */; };
/* End PBXBuildFile section */

/* Begin PBXFileReference section */
		655FFB5B24194F5500280704 /* Main.storyboard */ = {isa = PBXFileReference; fileEncoding = 4; lastKnownFileType = file.storyboard; path = Main.storyboard; sourceTree = "<group>"; };
		655FFB5E2419550300280704 /* PythControl.swift */ = {isa = PBXFileReference; lastKnownFileType = sourcecode.swift; path = PythControl.swift; sourceTree = "<group>"; };
		655FFB602419569D00280704 /* Pyth.storyboard */ = {isa = PBXFileReference; lastKnownFileType = file.storyboard; path = Pyth.storyboard; sourceTree = "<group>"; };
		6576491F2418094A00AD2198 /* SwiftPortfolio.app */ = {isa = PBXFileReference; explicitFileType = wrapper.application; includeInIndex = 0; path = SwiftPortfolio.app; sourceTree = BUILT_PRODUCTS_DIR; };
		657649222418094A00AD2198 /* AppDelegate.swift */ = {isa = PBXFileReference; lastKnownFileType = sourcecode.swift; path = AppDelegate.swift; sourceTree = "<group>"; };
		657649242418094A00AD2198 /* SceneDelegate.swift */ = {isa = PBXFileReference; lastKnownFileType = sourcecode.swift; path = SceneDelegate.swift; sourceTree = "<group>"; };
		657649262418094A00AD2198 /* ViewController.swift */ = {isa = PBXFileReference; lastKnownFileType = sourcecode.swift; path = ViewController.swift; sourceTree = "<group>"; };
		6576492B2418094C00AD2198 /* Assets.xcassets */ = {isa = PBXFileReference; lastKnownFileType = folder.assetcatalog; path = Assets.xcassets; sourceTree = "<group>"; };
		6576492E2418094C00AD2198 /* Base */ = {isa = PBXFileReference; lastKnownFileType = file.storyboard; name = Base; path = Base.lproj/LaunchScreen.storyboard; sourceTree = "<group>"; };
		657649302418094C00AD2198 /* Info.plist */ = {isa = PBXFileReference; lastKnownFileType = text.plist.xml; path = Info.plist; sourceTree = "<group>"; };
		6576493624180A1D00AD2198 /* 1200px-Rtriangle.svg.png */ = {isa = PBXFileReference; lastKnownFileType = image.png; path = "1200px-Rtriangle.svg.png"; sourceTree = "<group>"; };
		65C541ED241AA0D5000CA60A /* Square.storyboard */ = {isa = PBXFileReference; lastKnownFileType = file.storyboard; path = Square.storyboard; sourceTree = "<group>"; };
		65C541EF241AA1F4000CA60A /* SquareControl.swift */ = {isa = PBXFileReference; lastKnownFileType = sourcecode.swift; path = SquareControl.swift; sourceTree = "<group>"; };
		65C541F1241AA702000CA60A /* Distance.swift */ = {isa = PBXFileReference; lastKnownFileType = sourcecode.swift; path = Distance.swift; sourceTree = "<group>"; };
		65C541F3241AA730000CA60A /* Distance.storyboard */ = {isa = PBXFileReference; lastKnownFileType = file.storyboard; path = Distance.storyboard; sourceTree = "<group>"; };
		84A45580961EF1167899AC5F /* Pods_SwiftPortfolio.framework */ = {isa = PBXFileReference; explicitFileType = wrapper.framework; includeInIndex = 0; path = Pods_SwiftPortfolio.framework; sourceTree = BUILT_PRODUCTS_DIR; };
		8825EE0F7B736C69B2CEBD48 /* Pods-SwiftPortfolio.debug.xcconfig */ = {isa = PBXFileReference; includeInIndex = 1; lastKnownFileType = text.xcconfig; name = "Pods-SwiftPortfolio.debug.xcconfig"; path = "Target Support Files/Pods-SwiftPortfolio/Pods-SwiftPortfolio.debug.xcconfig"; sourceTree = "<group>"; };
		EBBC26611756E77BC1AE70E2 /* Pods-SwiftPortfolio.release.xcconfig */ = {isa = PBXFileReference; includeInIndex = 1; lastKnownFileType = text.xcconfig; name = "Pods-SwiftPortfolio.release.xcconfig"; path = "Target Support Files/Pods-SwiftPortfolio/Pods-SwiftPortfolio.release.xcconfig"; sourceTree = "<group>"; };
/* End PBXFileReference section */

/* Begin PBXFrameworksBuildPhase section */
		6576491C2418094A00AD2198 /* Frameworks */ = {
			isa = PBXFrameworksBuildPhase;
			buildActionMask = 2147483647;
			files = (
				900F8400852C7E70C348A15C /* Pods_SwiftPortfolio.framework in Frameworks */,
			);
			runOnlyForDeploymentPostprocessing = 0;
		};
/* End PBXFrameworksBuildPhase section */

/* Begin PBXGroup section */
		3956C28B84E1581D2D573A83 /* Frameworks */ = {
			isa = PBXGroup;
			children = (
				84A45580961EF1167899AC5F /* Pods_SwiftPortfolio.framework */,
			);
			name = Frameworks;
			sourceTree = "<group>";
		};
		655FFB5D241954ED00280704 /* Control */ = {
			isa = PBXGroup;
			children = (
				655FFB5E2419550300280704 /* PythControl.swift */,
				65C541EF241AA1F4000CA60A /* SquareControl.swift */,
				65C541F1241AA702000CA60A /* Distance.swift */,
			);
			path = Control;
			sourceTree = "<group>";
		};
		657649162418094900AD2198 = {
			isa = PBXGroup;
			children = (
				655FFB5D241954ED00280704 /* Control */,
				657649212418094A00AD2198 /* SwiftPortfolio */,
				657649202418094A00AD2198 /* Products */,
				7092457AF2BE3DB34C1EDC00 /* Pods */,
				3956C28B84E1581D2D573A83 /* Frameworks */,
			);
			sourceTree = "<group>";
		};
		657649202418094A00AD2198 /* Products */ = {
			isa = PBXGroup;
			children = (
				6576491F2418094A00AD2198 /* SwiftPortfolio.app */,
			);
			name = Products;
			sourceTree = "<group>";
		};
		657649212418094A00AD2198 /* SwiftPortfolio */ = {
			isa = PBXGroup;
			children = (
				657649222418094A00AD2198 /* AppDelegate.swift */,
				657649242418094A00AD2198 /* SceneDelegate.swift */,
				657649262418094A00AD2198 /* ViewController.swift */,
				6576492B2418094C00AD2198 /* Assets.xcassets */,
				655FFB5B24194F5500280704 /* Main.storyboard */,
				6576492D2418094C00AD2198 /* LaunchScreen.storyboard */,
				655FFB602419569D00280704 /* Pyth.storyboard */,
				65C541ED241AA0D5000CA60A /* Square.storyboard */,
				65C541F3241AA730000CA60A /* Distance.storyboard */,
				6576493624180A1D00AD2198 /* 1200px-Rtriangle.svg.png */,
				657649302418094C00AD2198 /* Info.plist */,
			);
			path = SwiftPortfolio;
			sourceTree = "<group>";
		};
		7092457AF2BE3DB34C1EDC00 /* Pods */ = {
			isa = PBXGroup;
			children = (
				8825EE0F7B736C69B2CEBD48 /* Pods-SwiftPortfolio.debug.xcconfig */,
				EBBC26611756E77BC1AE70E2 /* Pods-SwiftPortfolio.release.xcconfig */,
			);
			path = Pods;
			sourceTree = "<group>";
		};
/* End PBXGroup section */

/* Begin PBXNativeTarget section */
		6576491E2418094A00AD2198 /* SwiftPortfolio */ = {
			isa = PBXNativeTarget;
			buildConfigurationList = 657649332418094C00AD2198 /* Build configuration list for PBXNativeTarget "SwiftPortfolio" */;
			buildPhases = (
				13DF4F1FBBF779ED22FB8E74 /* [CP] Check Pods Manifest.lock */,
				6576491B2418094A00AD2198 /* Sources */,
				6576491C2418094A00AD2198 /* Frameworks */,
				6576491D2418094A00AD2198 /* Resources */,
				5AA3C32D05ECCEB6E57BCC0D /* [CP] Embed Pods Frameworks */,
			);
			buildRules = (
			);
			dependencies = (
			);
			name = SwiftPortfolio;
			productName = SwiftPortfolio;
			productReference = 6576491F2418094A00AD2198 /* SwiftPortfolio.app */;
			productType = "com.apple.product-type.application";
		};
/* End PBXNativeTarget section */

/* Begin PBXProject section */
		657649172418094900AD2198 /* Project object */ = {
			isa = PBXProject;
			attributes = {
				LastSwiftUpdateCheck = 1130;
				LastUpgradeCheck = 1130;
				ORGANIZATIONNAME = "Marwah, Tanmay";
				TargetAttributes = {
					6576491E2418094A00AD2198 = {
						CreatedOnToolsVersion = 11.3.1;
					};
				};
			};
			buildConfigurationList = 6576491A2418094900AD2198 /* Build configuration list for PBXProject "SwiftPortfolio" */;
			compatibilityVersion = "Xcode 9.3";
			developmentRegion = en;
			hasScannedForEncodings = 0;
			knownRegions = (
				en,
				Base,
			);
			mainGroup = 657649162418094900AD2198;
			productRefGroup = 657649202418094A00AD2198 /* Products */;
			projectDirPath = "";
			projectRoot = "";
			targets = (
				6576491E2418094A00AD2198 /* SwiftPortfolio */,
			);
		};
/* End PBXProject section */

/* Begin PBXResourcesBuildPhase section */
		6576491D2418094A00AD2198 /* Resources */ = {
			isa = PBXResourcesBuildPhase;
			buildActionMask = 2147483647;
			files = (
				6576492F2418094C00AD2198 /* LaunchScreen.storyboard in Resources */,
				65C541EE241AA0D5000CA60A /* Square.storyboard in Resources */,
				6576493724180A1D00AD2198 /* 1200px-Rtriangle.svg.png in Resources */,
				655FFB612419569D00280704 /* Pyth.storyboard in Resources */,
				6576492C2418094C00AD2198 /* Assets.xcassets in Resources */,
				65C541F4241AA730000CA60A /* Distance.storyboard in Resources */,
				655FFB5C24194F5500280704 /* Main.storyboard in Resources */,
			);
			runOnlyForDeploymentPostprocessing = 0;
		};
/* End PBXResourcesBuildPhase section */

/* Begin PBXShellScriptBuildPhase section */
		13DF4F1FBBF779ED22FB8E74 /* [CP] Check Pods Manifest.lock */ = {
			isa = PBXShellScriptBuildPhase;
			buildActionMask = 2147483647;
			files = (
			);
			inputFileListPaths = (
			);
			inputPaths = (
				"${PODS_PODFILE_DIR_PATH}/Podfile.lock",
				"${PODS_ROOT}/Manifest.lock",
			);
			name = "[CP] Check Pods Manifest.lock";
			outputFileListPaths = (
			);
			outputPaths = (
				"$(DERIVED_FILE_DIR)/Pods-SwiftPortfolio-checkManifestLockResult.txt",
			);
			runOnlyForDeploymentPostprocessing = 0;
			shellPath = /bin/sh;
			shellScript = "diff \"${PODS_PODFILE_DIR_PATH}/Podfile.lock\" \"${PODS_ROOT}/Manifest.lock\" > /dev/null\nif [ $? != 0 ] ; then\n    # print error to STDERR\n    echo \"error: The sandbox is not in sync with the Podfile.lock. Run 'pod install' or update your CocoaPods installation.\" >&2\n    exit 1\nfi\n# This output is used by Xcode 'outputs' to avoid re-running this script phase.\necho \"SUCCESS\" > \"${SCRIPT_OUTPUT_FILE_0}\"\n";
			showEnvVarsInLog = 0;
		};
		5AA3C32D05ECCEB6E57BCC0D /* [CP] Embed Pods Frameworks */ = {
			isa = PBXShellScriptBuildPhase;
			buildActionMask = 2147483647;
			files = (
			);
			inputFileListPaths = (
				"${PODS_ROOT}/Target Support Files/Pods-SwiftPortfolio/Pods-SwiftPortfolio-frameworks-${CONFIGURATION}-input-files.xcfilelist",
			);
			name = "[CP] Embed Pods Frameworks";
			outputFileListPaths = (
				"${PODS_ROOT}/Target Support Files/Pods-SwiftPortfolio/Pods-SwiftPortfolio-frameworks-${CONFIGURATION}-output-files.xcfilelist",
			);
			runOnlyForDeploymentPostprocessing = 0;
			shellPath = /bin/sh;
			shellScript = "\"${PODS_ROOT}/Target Support Files/Pods-SwiftPortfolio/Pods-SwiftPortfolio-frameworks.sh\"\n";
			showEnvVarsInLog = 0;
		};
/* End PBXShellScriptBuildPhase section */

/* Begin PBXSourcesBuildPhase section */
		6576491B2418094A00AD2198 /* Sources */ = {
			isa = PBXSourcesBuildPhase;
			buildActionMask = 2147483647;
			files = (
				65C541F2241AA702000CA60A /* Distance.swift in Sources */,
				657649272418094A00AD2198 /* ViewController.swift in Sources */,
				65C541F0241AA1F4000CA60A /* SquareControl.swift in Sources */,
				657649232418094A00AD2198 /* AppDelegate.swift in Sources */,
				655FFB5F2419550300280704 /* PythControl.swift in Sources */,
				657649252418094A00AD2198 /* SceneDelegate.swift in Sources */,
			);
			runOnlyForDeploymentPostprocessing = 0;
		};
/* End PBXSourcesBuildPhase section */

/* Begin PBXVariantGroup section */
		6576492D2418094C00AD2198 /* LaunchScreen.storyboard */ = {
			isa = PBXVariantGroup;
			children = (
				6576492E2418094C00AD2198 /* Base */,
			);
			name = LaunchScreen.storyboard;
			sourceTree = "<group>";
		};
/* End PBXVariantGroup section */

/* Begin XCBuildConfiguration section */
		657649312418094C00AD2198 /* Debug */ = {
			isa = XCBuildConfiguration;
			buildSettings = {
				ALWAYS_SEARCH_USER_PATHS = NO;
				CLANG_ANALYZER_NONNULL = YES;
				CLANG_ANALYZER_NUMBER_OBJECT_CONVERSION = YES_AGGRESSIVE;
				CLANG_CXX_LANGUAGE_STANDARD = "gnu++14";
				CLANG_CXX_LIBRARY = "libc++";
				CLANG_ENABLE_MODULES = YES;
				CLANG_ENABLE_OBJC_ARC = YES;
				CLANG_ENABLE_OBJC_WEAK = YES;
				CLANG_WARN_BLOCK_CAPTURE_AUTORELEASING = YES;
				CLANG_WARN_BOOL_CONVERSION = YES;
				CLANG_WARN_COMMA = YES;
				CLANG_WARN_CONSTANT_CONVERSION = YES;
				CLANG_WARN_DEPRECATED_OBJC_IMPLEMENTATIONS = YES;
				CLANG_WARN_DIRECT_OBJC_ISA_USAGE = YES_ERROR;
				CLANG_WARN_DOCUMENTATION_COMMENTS = YES;
				CLANG_WARN_EMPTY_BODY = YES;
				CLANG_WARN_ENUM_CONVERSION = YES;
				CLANG_WARN_INFINITE_RECURSION = YES;
				CLANG_WARN_INT_CONVERSION = YES;
				CLANG_WARN_NON_LITERAL_NULL_CONVERSION = YES;
				CLANG_WARN_OBJC_IMPLICIT_RETAIN_SELF = YES;
				CLANG_WARN_OBJC_LITERAL_CONVERSION = YES;
				CLANG_WARN_OBJC_ROOT_CLASS = YES_ERROR;
				CLANG_WARN_RANGE_LOOP_ANALYSIS = YES;
				CLANG_WARN_STRICT_PROTOTYPES = YES;
				CLANG_WARN_SUSPICIOUS_MOVE = YES;
				CLANG_WARN_UNGUARDED_AVAILABILITY = YES_AGGRESSIVE;
				CLANG_WARN_UNREACHABLE_CODE = YES;
				CLANG_WARN__DUPLICATE_METHOD_MATCH = YES;
				COPY_PHASE_STRIP = NO;
				DEBUG_INFORMATION_FORMAT = dwarf;
				ENABLE_STRICT_OBJC_MSGSEND = YES;
				ENABLE_TESTABILITY = YES;
				GCC_C_LANGUAGE_STANDARD = gnu11;
				GCC_DYNAMIC_NO_PIC = NO;
				GCC_NO_COMMON_BLOCKS = YES;
				GCC_OPTIMIZATION_LEVEL = 0;
				GCC_PREPROCESSOR_DEFINITIONS = (
					"DEBUG=1",
					"$(inherited)",
				);
				GCC_WARN_64_TO_32_BIT_CONVERSION = YES;
				GCC_WARN_ABOUT_RETURN_TYPE = YES_ERROR;
				GCC_WARN_UNDECLARED_SELECTOR = YES;
				GCC_WARN_UNINITIALIZED_AUTOS = YES_AGGRESSIVE;
				GCC_WARN_UNUSED_FUNCTION = YES;
				GCC_WARN_UNUSED_VARIABLE = YES;
				IPHONEOS_DEPLOYMENT_TARGET = 13.2;
				MTL_ENABLE_DEBUG_INFO = INCLUDE_SOURCE;
				MTL_FAST_MATH = YES;
				ONLY_ACTIVE_ARCH = YES;
				SDKROOT = iphoneos;
				SWIFT_ACTIVE_COMPILATION_CONDITIONS = DEBUG;
				SWIFT_OPTIMIZATION_LEVEL = "-Onone";
			};
			name = Debug;
		};
		657649322418094C00AD2198 /* Release */ = {
			isa = XCBuildConfiguration;
			buildSettings = {
				ALWAYS_SEARCH_USER_PATHS = NO;
				CLANG_ANALYZER_NONNULL = YES;
				CLANG_ANALYZER_NUMBER_OBJECT_CONVERSION = YES_AGGRESSIVE;
				CLANG_CXX_LANGUAGE_STANDARD = "gnu++14";
				CLANG_CXX_LIBRARY = "libc++";
				CLANG_ENABLE_MODULES = YES;
				CLANG_ENABLE_OBJC_ARC = YES;
				CLANG_ENABLE_OBJC_WEAK = YES;
				CLANG_WARN_BLOCK_CAPTURE_AUTORELEASING = YES;
				CLANG_WARN_BOOL_CONVERSION = YES;
				CLANG_WARN_COMMA = YES;
				CLANG_WARN_CONSTANT_CONVERSION = YES;
				CLANG_WARN_DEPRECATED_OBJC_IMPLEMENTATIONS = YES;
				CLANG_WARN_DIRECT_OBJC_ISA_USAGE = YES_ERROR;
				CLANG_WARN_DOCUMENTATION_COMMENTS = YES;
				CLANG_WARN_EMPTY_BODY = YES;
				CLANG_WARN_ENUM_CONVERSION = YES;
				CLANG_WARN_INFINITE_RECURSION = YES;
				CLANG_WARN_INT_CONVERSION = YES;
				CLANG_WARN_NON_LITERAL_NULL_CONVERSION = YES;
				CLANG_WARN_OBJC_IMPLICIT_RETAIN_SELF = YES;
				CLANG_WARN_OBJC_LITERAL_CONVERSION = YES;
				CLANG_WARN_OBJC_ROOT_CLASS = YES_ERROR;
				CLANG_WARN_RANGE_LOOP_ANALYSIS = YES;
				CLANG_WARN_STRICT_PROTOTYPES = YES;
				CLANG_WARN_SUSPICIOUS_MOVE = YES;
				CLANG_WARN_UNGUARDED_AVAILABILITY = YES_AGGRESSIVE;
				CLANG_WARN_UNREACHABLE_CODE = YES;
				CLANG_WARN__DUPLICATE_METHOD_MATCH = YES;
				COPY_PHASE_STRIP = NO;
				DEBUG_INFORMATION_FORMAT = "dwarf-with-dsym";
				ENABLE_NS_ASSERTIONS = NO;
				ENABLE_STRICT_OBJC_MSGSEND = YES;
				GCC_C_LANGUAGE_STANDARD = gnu11;
				GCC_NO_COMMON_BLOCKS = YES;
				GCC_WARN_64_TO_32_BIT_CONVERSION = YES;
				GCC_WARN_ABOUT_RETURN_TYPE = YES_ERROR;
				GCC_WARN_UNDECLARED_SELECTOR = YES;
				GCC_WARN_UNINITIALIZED_AUTOS = YES_AGGRESSIVE;
				GCC_WARN_UNUSED_FUNCTION = YES;
				GCC_WARN_UNUSED_VARIABLE = YES;
				IPHONEOS_DEPLOYMENT_TARGET = 13.2;
				MTL_ENABLE_DEBUG_INFO = NO;
				MTL_FAST_MATH = YES;
				SDKROOT = iphoneos;
				SWIFT_COMPILATION_MODE = wholemodule;
				SWIFT_OPTIMIZATION_LEVEL = "-O";
				VALIDATE_PRODUCT = YES;
			};
			name = Release;
		};
		657649342418094C00AD2198 /* Debug */ = {
			isa = XCBuildConfiguration;
			baseConfigurationReference = 8825EE0F7B736C69B2CEBD48 /* Pods-SwiftPortfolio.debug.xcconfig */;
			buildSettings = {
				ASSETCATALOG_COMPILER_APPICON_NAME = AppIcon;
				CODE_SIGN_STYLE = Automatic;
				FRAMEWORK_SEARCH_PATHS = (
					"$(inherited)",
					"$(PROJECT_DIR)/build/Release-iphoneos/AWSDynamoDB",
					"$(PROJECT_DIR)/build/Release-iphoneos/AWSCore",
					"$(PROJECT_DIR)/build/Release-iphoneos",
				);
				INFOPLIST_FILE = SwiftPortfolio/Info.plist;
				LD_RUNPATH_SEARCH_PATHS = (
					"$(inherited)",
					"@executable_path/Frameworks",
				);
				PRODUCT_BUNDLE_IDENTIFIER = dnhs.SwiftPortfolio;
				PRODUCT_NAME = "$(TARGET_NAME)";
				SWIFT_VERSION = 5.0;
				TARGETED_DEVICE_FAMILY = "1,2";
			};
			name = Debug;
		};
		657649352418094C00AD2198 /* Release */ = {
			isa = XCBuildConfiguration;
			baseConfigurationReference = EBBC26611756E77BC1AE70E2 /* Pods-SwiftPortfolio.release.xcconfig */;
			buildSettings = {
				ASSETCATALOG_COMPILER_APPICON_NAME = AppIcon;
				CODE_SIGN_STYLE = Automatic;
				FRAMEWORK_SEARCH_PATHS = (
					"$(inherited)",
					"$(PROJECT_DIR)/build/Release-iphoneos/AWSDynamoDB",
					"$(PROJECT_DIR)/build/Release-iphoneos/AWSCore",
					"$(PROJECT_DIR)/build/Release-iphoneos",
				);
				INFOPLIST_FILE = SwiftPortfolio/Info.plist;
				LD_RUNPATH_SEARCH_PATHS = (
					"$(inherited)",
					"@executable_path/Frameworks",
				);
				PRODUCT_BUNDLE_IDENTIFIER = dnhs.SwiftPortfolio;
				PRODUCT_NAME = "$(TARGET_NAME)";
				SWIFT_VERSION = 5.0;
				TARGETED_DEVICE_FAMILY = "1,2";
			};
			name = Release;
		};
/* End XCBuildConfiguration section */

/* Begin XCConfigurationList section */
		6576491A2418094900AD2198 /* Build configuration list for PBXProject "SwiftPortfolio" */ = {
			isa = XCConfigurationList;
			buildConfigurations = (
				657649312418094C00AD2198 /* Debug */,
				657649322418094C00AD2198 /* Release */,
			);
			defaultConfigurationIsVisible = 0;
			defaultConfigurationName = Release;
		};
		657649332418094C00AD2198 /* Build configuration list for PBXNativeTarget "SwiftPortfolio" */ = {
			isa = XCConfigurationList;
			buildConfigurations = (
				657649342418094C00AD2198 /* Debug */,
				657649352418094C00AD2198 /* Release */,
			);
			defaultConfigurationIsVisible = 0;
			defaultConfigurationName = Release;
		};
/* End XCConfigurationList section */
	};
	rootObject = 657649172418094900AD2198 /* Project object */;
}
